
Microsoft Visual Studio Solution File, Format Version 12.00
# Visual Studio Version 16
VisualStudioVersion = 16.0.29509.3
MinimumVisualStudioVersion = 10.0.40219.1
Project("{FAE04EC0-301F-11D3-BF4B-00C04F79EFBC}") = "Beeptastic", "Beeptastic\Beeptastic.csproj", "{0A796672-D099-43E6-BBB4-471839D8F39A}"
EndProject
Global
	GlobalSection(SolutionConfigurationPlatforms) = preSolution
		Debug|Any CPU = Debug|Any CPU
		Release|Any CPU = Release|Any CPU
	EndGlobalSection
	GlobalSection(ProjectConfigurationPlatforms) = postSolution
		{0A796672-D099-43E6-BBB4-471839D8F39A}.Debug|Any CPU.ActiveCfg = Debug|Any CPU
		{0A796672-D099-43E6-BBB4-471839D8F39A}.Debug|Any CPU.Build.0 = Debug|Any CPU
		{0A796672-D099-43E6-BBB4-471839D8F39A}.Release|Any CPU.ActiveCfg = Release|Any CPU
		{0A796672-D099-43E6-BBB4-471839D8F39A}.Release|Any CPU.Build.0 = Release|Any CPU
	EndGlobalSection
	GlobalSection(SolutionProperties) = preSolution
		HideSolutionNode = FALSE
	EndGlobalSection
	GlobalSection(ExtensibilityGlobals) = postSolution
		SolutionGuid = {54CB092F-18D4-4B51-9997-5647F6C97B46}
	EndGlobalSection
EndGlobal
